
Microsoft Visual Studio Solution File, Format Version 12.00
# Visual Studio Version 16
VisualStudioVersion = 16.6.30114.105
MinimumVisualStudioVersion = 10.0.40219.1
Project("{9A19103F-16F7-4668-BE54-9A1E7A4F7556}") = "R5T.D0078.X0001", "R5T.D0078.X0001\R5T.D0078.X0001.csproj", "{629392F8-841C-4A49-A415-D39F62030ACA}"
EndProject
Project("{2150E333-8FDC-42A3-9474-1A3956D46DE8}") = "_Dependencies", "_Dependencies", "{8B5FF1DA-FB9A-4C59-BA1B-89417F7C6761}"
EndProject
Project("{9A19103F-16F7-4668-BE54-9A1E7A4F7556}") = "R5T.Magyar", "..\..\R5T.Magyar\source\R5T.Magyar\R5T.Magyar.csproj", "{2B4DD968-DC45-4FEB-9EF8-BB282B16B69C}"
EndProject
Project("{9A19103F-16F7-4668-BE54-9A1E7A4F7556}") = "R5T.T0059.X001", "..\..\R5T.T0059\source\R5T.T0059.X001\R5T.T0059.X001.csproj", "{B166EB47-000F-4374-8B71-8629B2E8E13A}"
EndProject
Project("{9A19103F-16F7-4668-BE54-9A1E7A4F7556}") = "R5T.T0059", "..\..\R5T.T0059\source\R5T.T0059\R5T.T0059.csproj", "{6D0A75EB-156B-4AD9-B92B-4AA302B236E7}"
EndProject
Project("{9A19103F-16F7-4668-BE54-9A1E7A4F7556}") = "R5T.T0039.T002", "..\..\R5T.T0039\source\R5T.T0039.T002\R5T.T0039.T002.csproj", "{4F3C2AAD-098C-44DA-B174-FFDBFB1AFB10}"
EndProject
Project("{9A19103F-16F7-4668-BE54-9A1E7A4F7556}") = "R5T.D0078.Base", "..\..\R5T.D0078\source\R5T.D0078.Base\R5T.D0078.Base.csproj", "{2AAC8FFA-F206-418A-B186-FD3A22EE75B5}"
EndProject
Project("{9A19103F-16F7-4668-BE54-9A1E7A4F7556}") = "R5T.T0114", "..\..\R5T.T0114\source\R5T.T0114\R5T.T0114.csproj", "{E0C4D0BB-3782-483B-A463-FF7B93F247B6}"
EndProject
Project("{9A19103F-16F7-4668-BE54-9A1E7A4F7556}") = "R5T.Lombardy.Base", "..\..\R5T.Lombardy.Base\source\R5T.Lombardy.Base\R5T.Lombardy.Base.csproj", "{A29BEE69-E3D4-48DD-BD06-5560277EE03D}"
EndProject
Project("{9A19103F-16F7-4668-BE54-9A1E7A4F7556}") = "R5T.T0044.X001", "..\..\R5T.T0044\source\R5T.T0044.X001\R5T.T0044.X001.csproj", "{FB0A12E9-9C08-4B35-8AB0-41A5571318E6}"
EndProject
Project("{9A19103F-16F7-4668-BE54-9A1E7A4F7556}") = "R5T.T0040.X0001", "..\..\R5T.T0040.X0001\source\R5T.T0040.X0001\R5T.T0040.X0001.csproj", "{3C48EE15-A32D-4FD0-A981-7C4E963402AC}"
EndProject
Project("{9A19103F-16F7-4668-BE54-9A1E7A4F7556}") = "R5T.T0064", "..\..\R5T.T0064\source\R5T.T0064\R5T.T0064.csproj", "{C94F74E8-B307-4E9C-87E5-F6DF5FDB8D22}"
EndProject
Project("{9A19103F-16F7-4668-BE54-9A1E7A4F7556}") = "R5T.D0078.T0032", "..\..\R5T.D0078\source\R5T.D0078.T0032\R5T.D0078.T0032.csproj", "{0DEA27B2-E03B-401E-8917-921A5F8075C5}"
EndProject
Project("{9A19103F-16F7-4668-BE54-9A1E7A4F7556}") = "R5T.T0032", "..\..\R5T.T0032\source\R5T.T0032\R5T.T0032.csproj", "{080C71FC-1D2D-4615-8716-0164389EFB55}"
EndProject
Project("{9A19103F-16F7-4668-BE54-9A1E7A4F7556}") = "R5T.T0021.X0001", "..\..\R5T.T0021.X0001\source\R5T.T0021.X0001\R5T.T0021.X0001.csproj", "{4D6D872D-CDC0-4626-BC6D-10D8A6B41F9C}"
EndProject
Project("{9A19103F-16F7-4668-BE54-9A1E7A4F7556}") = "R5T.T0021", "..\..\R5T.T0021\source\R5T.T0021\R5T.T0021.csproj", "{1CD1A841-E153-4E45-A3E5-1CA3A8398C1D}"
EndProject
Project("{9A19103F-16F7-4668-BE54-9A1E7A4F7556}") = "R5T.T0021.X002", "..\..\R5T.T0021\source\R5T.T0021.X002\R5T.T0021.X002.csproj", "{7A2AC96C-36DA-4456-8975-191920C05992}"
EndProject
Project("{9A19103F-16F7-4668-BE54-9A1E7A4F7556}") = "R5T.T0037.X001", "..\..\R5T.T0037\source\R5T.T0037.X001\R5T.T0037.X001.csproj", "{99FE1C97-8644-4BB6-B5A7-B7BF4C8E3C6A}"
EndProject
Project("{9A19103F-16F7-4668-BE54-9A1E7A4F7556}") = "R5T.T0037", "..\..\R5T.T0037\source\R5T.T0037\R5T.T0037.csproj", "{8AEBDD95-82A5-446A-BF10-1E6C2FF88AD6}"
EndProject
Project("{9A19103F-16F7-4668-BE54-9A1E7A4F7556}") = "R5T.T0037.X002", "..\..\R5T.T0037\source\R5T.T0037.X002\R5T.T0037.X002.csproj", "{9D2017B3-215E-4D1B-9FAE-741564F0D6B8}"
EndProject
Project("{9A19103F-16F7-4668-BE54-9A1E7A4F7556}") = "R5T.T0040.X001", "..\..\R5T.T0040\source\R5T.T0040.X001\R5T.T0040.X001.csproj", "{FC1EE5EB-E177-4C9B-BF0C-008766E296BF}"
EndProject
Project("{9A19103F-16F7-4668-BE54-9A1E7A4F7556}") = "R5T.T0041.X002", "..\..\R5T.T0041\source\R5T.T0041.X002\R5T.T0041.X002.csproj", "{F4132578-6208-4770-8832-1AAB1A18C909}"
EndProject
Project("{9A19103F-16F7-4668-BE54-9A1E7A4F7556}") = "R5T.Magyar.T002.X000", "..\..\R5T.Magyar\source\R5T.Magyar.T002.X000\R5T.Magyar.T002.X000.csproj", "{6FA3DC84-506E-4F8A-A97A-1F12A9BEE507}"
EndProject
Project("{9A19103F-16F7-4668-BE54-9A1E7A4F7556}") = "R5T.Magyar.T002", "..\..\R5T.Magyar\source\R5T.Magyar.T002\R5T.Magyar.T002.csproj", "{F570D92B-D143-40C3-853E-904865027260}"
EndProject
Project("{9A19103F-16F7-4668-BE54-9A1E7A4F7556}") = "R5T.T0021.X003", "..\..\R5T.T0021\source\R5T.T0021.X003\R5T.T0021.X003.csproj", "{B1169AE2-1A1A-42C8-B1BC-99A978DAC31D}"
EndProject
Project("{9A19103F-16F7-4668-BE54-9A1E7A4F7556}") = "R5T.T0042.X001", "..\..\R5T.T0042\source\R5T.T0042.X001\R5T.T0042.X001.csproj", "{69ECE96A-F5DB-4BEC-A49F-551E963E1459}"
EndProject
Project("{9A19103F-16F7-4668-BE54-9A1E7A4F7556}") = "R5T.T0042", "..\..\R5T.T0042\source\R5T.T0042\R5T.T0042.csproj", "{F84F5AD4-C80B-4199-B854-FCFBEA614806}"
EndProject
Project("{9A19103F-16F7-4668-BE54-9A1E7A4F7556}") = "R5T.T0041.X001", "..\..\R5T.T0041\source\R5T.T0041.X001\R5T.T0041.X001.csproj", "{48C0F254-C59D-433A-B560-C132E86114AF}"
EndProject
Project("{9A19103F-16F7-4668-BE54-9A1E7A4F7556}") = "R5T.T0041", "..\..\R5T.T0041\source\R5T.T0041\R5T.T0041.csproj", "{81CDEF22-47EF-4212-B767-C8BA8F48B77A}"
EndProject
Project("{9A19103F-16F7-4668-BE54-9A1E7A4F7556}") = "R5T.T0040", "..\..\R5T.T0040\source\R5T.T0040\R5T.T0040.csproj", "{D46CB201-5442-4233-9ACA-741A50CD6E85}"
EndProject
Project("{9A19103F-16F7-4668-BE54-9A1E7A4F7556}") = "R5T.T0044", "..\..\R5T.T0044\source\R5T.T0044\R5T.T0044.csproj", "{73347C59-F87F-4846-9415-0E6D5A55E11A}"
EndProject
Project("{9A19103F-16F7-4668-BE54-9A1E7A4F7556}") = "R5T.T0122", "..\..\R5T.T0122\source\R5T.T0122\R5T.T0122.csproj", "{EB6A9109-F903-4988-8BE4-1672AC48AF6B}"
EndProject
Project("{9A19103F-16F7-4668-BE54-9A1E7A4F7556}") = "R5T.T0092", "..\..\R5T.T0092\source\R5T.T0092\R5T.T0092.csproj", "{C74220D9-E4D9-45E8-AF63-1CE69C5AB1ED}"
EndProject
Project("{9A19103F-16F7-4668-BE54-9A1E7A4F7556}") = "R5T.T0093", "..\..\R5T.T0093\source\R5T.T0093\R5T.T0093.csproj", "{B5CA09B4-5F56-457A-B379-7775C41759D7}"
EndProject
Global
	GlobalSection(SolutionConfigurationPlatforms) = preSolution
		Debug|Any CPU = Debug|Any CPU
		Debug|x64 = Debug|x64
		Debug|x86 = Debug|x86
		Release|Any CPU = Release|Any CPU
		Release|x64 = Release|x64
		Release|x86 = Release|x86
	EndGlobalSection
	GlobalSection(ProjectConfigurationPlatforms) = postSolution
		{629392F8-841C-4A49-A415-D39F62030ACA}.Debug|Any CPU.ActiveCfg = Debug|Any CPU
		{629392F8-841C-4A49-A415-D39F62030ACA}.Debug|Any CPU.Build.0 = Debug|Any CPU
		{629392F8-841C-4A49-A415-D39F62030ACA}.Debug|x64.ActiveCfg = Debug|Any CPU
		{629392F8-841C-4A49-A415-D39F62030ACA}.Debug|x64.Build.0 = Debug|Any CPU
		{629392F8-841C-4A49-A415-D39F62030ACA}.Debug|x86.ActiveCfg = Debug|Any CPU
		{629392F8-841C-4A49-A415-D39F62030ACA}.Debug|x86.Build.0 = Debug|Any CPU
		{629392F8-841C-4A49-A415-D39F62030ACA}.Release|Any CPU.ActiveCfg = Release|Any CPU
		{629392F8-841C-4A49-A415-D39F62030ACA}.Release|Any CPU.Build.0 = Release|Any CPU
		{629392F8-841C-4A49-A415-D39F62030ACA}.Release|x64.ActiveCfg = Release|Any CPU
		{629392F8-841C-4A49-A415-D39F62030ACA}.Release|x64.Build.0 = Release|Any CPU
		{629392F8-841C-4A49-A415-D39F62030ACA}.Release|x86.ActiveCfg = Release|Any CPU
		{629392F8-841C-4A49-A415-D39F62030ACA}.Release|x86.Build.0 = Release|Any CPU
		{2B4DD968-DC45-4FEB-9EF8-BB282B16B69C}.Debug|Any CPU.ActiveCfg = Debug|Any CPU
		{2B4DD968-DC45-4FEB-9EF8-BB282B16B69C}.Debug|Any CPU.Build.0 = Debug|Any CPU
		{2B4DD968-DC45-4FEB-9EF8-BB282B16B69C}.Debug|x64.ActiveCfg = Debug|Any CPU
		{2B4DD968-DC45-4FEB-9EF8-BB282B16B69C}.Debug|x64.Build.0 = Debug|Any CPU
		{2B4DD968-DC45-4FEB-9EF8-BB282B16B69C}.Debug|x86.ActiveCfg = Debug|Any CPU
		{2B4DD968-DC45-4FEB-9EF8-BB282B16B69C}.Debug|x86.Build.0 = Debug|Any CPU
		{2B4DD968-DC45-4FEB-9EF8-BB282B16B69C}.Release|Any CPU.ActiveCfg = Release|Any CPU
		{2B4DD968-DC45-4FEB-9EF8-BB282B16B69C}.Release|Any CPU.Build.0 = Release|Any CPU
		{2B4DD968-DC45-4FEB-9EF8-BB282B16B69C}.Release|x64.ActiveCfg = Release|Any CPU
		{2B4DD968-DC45-4FEB-9EF8-BB282B16B69C}.Release|x64.Build.0 = Release|Any CPU
		{2B4DD968-DC45-4FEB-9EF8-BB282B16B69C}.Release|x86.ActiveCfg = Release|Any CPU
		{2B4DD968-DC45-4FEB-9EF8-BB282B16B69C}.Release|x86.Build.0 = Release|Any CPU
		{B166EB47-000F-4374-8B71-8629B2E8E13A}.Debug|Any CPU.ActiveCfg = Debug|Any CPU
		{B166EB47-000F-4374-8B71-8629B2E8E13A}.Debug|Any CPU.Build.0 = Debug|Any CPU
		{B166EB47-000F-4374-8B71-8629B2E8E13A}.Debug|x64.ActiveCfg = Debug|Any CPU
		{B166EB47-000F-4374-8B71-8629B2E8E13A}.Debug|x64.Build.0 = Debug|Any CPU
		{B166EB47-000F-4374-8B71-8629B2E8E13A}.Debug|x86.ActiveCfg = Debug|Any CPU
		{B166EB47-000F-4374-8B71-8629B2E8E13A}.Debug|x86.Build.0 = Debug|Any CPU
		{B166EB47-000F-4374-8B71-8629B2E8E13A}.Release|Any CPU.ActiveCfg = Release|Any CPU
		{B166EB47-000F-4374-8B71-8629B2E8E13A}.Release|Any CPU.Build.0 = Release|Any CPU
		{B166EB47-000F-4374-8B71-8629B2E8E13A}.Release|x64.ActiveCfg = Release|Any CPU
		{B166EB47-000F-4374-8B71-8629B2E8E13A}.Release|x64.Build.0 = Release|Any CPU
		{B166EB47-000F-4374-8B71-8629B2E8E13A}.Release|x86.ActiveCfg = Release|Any CPU
		{B166EB47-000F-4374-8B71-8629B2E8E13A}.Release|x86.Build.0 = Release|Any CPU
		{6D0A75EB-156B-4AD9-B92B-4AA302B236E7}.Debug|Any CPU.ActiveCfg = Debug|Any CPU
		{6D0A75EB-156B-4AD9-B92B-4AA302B236E7}.Debug|Any CPU.Build.0 = Debug|Any CPU
		{6D0A75EB-156B-4AD9-B92B-4AA302B236E7}.Debug|x64.ActiveCfg = Debug|Any CPU
		{6D0A75EB-156B-4AD9-B92B-4AA302B236E7}.Debug|x64.Build.0 = Debug|Any CPU
		{6D0A75EB-156B-4AD9-B92B-4AA302B236E7}.Debug|x86.ActiveCfg = Debug|Any CPU
		{6D0A75EB-156B-4AD9-B92B-4AA302B236E7}.Debug|x86.Build.0 = Debug|Any CPU
		{6D0A75EB-156B-4AD9-B92B-4AA302B236E7}.Release|Any CPU.ActiveCfg = Release|Any CPU
		{6D0A75EB-156B-4AD9-B92B-4AA302B236E7}.Release|Any CPU.Build.0 = Release|Any CPU
		{6D0A75EB-156B-4AD9-B92B-4AA302B236E7}.Release|x64.ActiveCfg = Release|Any CPU
		{6D0A75EB-156B-4AD9-B92B-4AA302B236E7}.Release|x64.Build.0 = Release|Any CPU
		{6D0A75EB-156B-4AD9-B92B-4AA302B236E7}.Release|x86.ActiveCfg = Release|Any CPU
		{6D0A75EB-156B-4AD9-B92B-4AA302B236E7}.Release|x86.Build.0 = Release|Any CPU
		{4F3C2AAD-098C-44DA-B174-FFDBFB1AFB10}.Debug|Any CPU.ActiveCfg = Debug|Any CPU
		{4F3C2AAD-098C-44DA-B174-FFDBFB1AFB10}.Debug|Any CPU.Build.0 = Debug|Any CPU
		{4F3C2AAD-098C-44DA-B174-FFDBFB1AFB10}.Debug|x64.ActiveCfg = Debug|Any CPU
		{4F3C2AAD-098C-44DA-B174-FFDBFB1AFB10}.Debug|x64.Build.0 = Debug|Any CPU
		{4F3C2AAD-098C-44DA-B174-FFDBFB1AFB10}.Debug|x86.ActiveCfg = Debug|Any CPU
		{4F3C2AAD-098C-44DA-B174-FFDBFB1AFB10}.Debug|x86.Build.0 = Debug|Any CPU
		{4F3C2AAD-098C-44DA-B174-FFDBFB1AFB10}.Release|Any CPU.ActiveCfg = Release|Any CPU
		{4F3C2AAD-098C-44DA-B174-FFDBFB1AFB10}.Release|Any CPU.Build.0 = Release|Any CPU
		{4F3C2AAD-098C-44DA-B174-FFDBFB1AFB10}.Release|x64.ActiveCfg = Release|Any CPU
		{4F3C2AAD-098C-44DA-B174-FFDBFB1AFB10}.Release|x64.Build.0 = Release|Any CPU
		{4F3C2AAD-098C-44DA-B174-FFDBFB1AFB10}.Release|x86.ActiveCfg = Release|Any CPU
		{4F3C2AAD-098C-44DA-B174-FFDBFB1AFB10}.Release|x86.Build.0 = Release|Any CPU
		{2AAC8FFA-F206-418A-B186-FD3A22EE75B5}.Debug|Any CPU.ActiveCfg = Debug|Any CPU
		{2AAC8FFA-F206-418A-B186-FD3A22EE75B5}.Debug|Any CPU.Build.0 = Debug|Any CPU
		{2AAC8FFA-F206-418A-B186-FD3A22EE75B5}.Debug|x64.ActiveCfg = Debug|Any CPU
		{2AAC8FFA-F206-418A-B186-FD3A22EE75B5}.Debug|x64.Build.0 = Debug|Any CPU
		{2AAC8FFA-F206-418A-B186-FD3A22EE75B5}.Debug|x86.ActiveCfg = Debug|Any CPU
		{2AAC8FFA-F206-418A-B186-FD3A22EE75B5}.Debug|x86.Build.0 = Debug|Any CPU
		{2AAC8FFA-F206-418A-B186-FD3A22EE75B5}.Release|Any CPU.ActiveCfg = Release|Any CPU
		{2AAC8FFA-F206-418A-B186-FD3A22EE75B5}.Release|Any CPU.Build.0 = Release|Any CPU
		{2AAC8FFA-F206-418A-B186-FD3A22EE75B5}.Release|x64.ActiveCfg = Release|Any CPU
		{2AAC8FFA-F206-418A-B186-FD3A22EE75B5}.Release|x64.Build.0 = Release|Any CPU
		{2AAC8FFA-F206-418A-B186-FD3A22EE75B5}.Release|x86.ActiveCfg = Release|Any CPU
		{2AAC8FFA-F206-418A-B186-FD3A22EE75B5}.Release|x86.Build.0 = Release|Any CPU
		{E0C4D0BB-3782-483B-A463-FF7B93F247B6}.Debug|Any CPU.ActiveCfg = Debug|Any CPU
		{E0C4D0BB-3782-483B-A463-FF7B93F247B6}.Debug|Any CPU.Build.0 = Debug|Any CPU
		{E0C4D0BB-3782-483B-A463-FF7B93F247B6}.Debug|x64.ActiveCfg = Debug|Any CPU
		{E0C4D0BB-3782-483B-A463-FF7B93F247B6}.Debug|x64.Build.0 = Debug|Any CPU
		{E0C4D0BB-3782-483B-A463-FF7B93F247B6}.Debug|x86.ActiveCfg = Debug|Any CPU
		{E0C4D0BB-3782-483B-A463-FF7B93F247B6}.Debug|x86.Build.0 = Debug|Any CPU
		{E0C4D0BB-3782-483B-A463-FF7B93F247B6}.Release|Any CPU.ActiveCfg = Release|Any CPU
		{E0C4D0BB-3782-483B-A463-FF7B93F247B6}.Release|Any CPU.Build.0 = Release|Any CPU
		{E0C4D0BB-3782-483B-A463-FF7B93F247B6}.Release|x64.ActiveCfg = Release|Any CPU
		{E0C4D0BB-3782-483B-A463-FF7B93F247B6}.Release|x64.Build.0 = Release|Any CPU
		{E0C4D0BB-3782-483B-A463-FF7B93F247B6}.Release|x86.ActiveCfg = Release|Any CPU
		{E0C4D0BB-3782-483B-A463-FF7B93F247B6}.Release|x86.Build.0 = Release|Any CPU
		{A29BEE69-E3D4-48DD-BD06-5560277EE03D}.Debug|Any CPU.ActiveCfg = Debug|Any CPU
		{A29BEE69-E3D4-48DD-BD06-5560277EE03D}.Debug|Any CPU.Build.0 = Debug|Any CPU
		{A29BEE69-E3D4-48DD-BD06-5560277EE03D}.Debug|x64.ActiveCfg = Debug|Any CPU
		{A29BEE69-E3D4-48DD-BD06-5560277EE03D}.Debug|x64.Build.0 = Debug|Any CPU
		{A29BEE69-E3D4-48DD-BD06-5560277EE03D}.Debug|x86.ActiveCfg = Debug|Any CPU
		{A29BEE69-E3D4-48DD-BD06-5560277EE03D}.Debug|x86.Build.0 = Debug|Any CPU
		{A29BEE69-E3D4-48DD-BD06-5560277EE03D}.Release|Any CPU.ActiveCfg = Release|Any CPU
		{A29BEE69-E3D4-48DD-BD06-5560277EE03D}.Release|Any CPU.Build.0 = Release|Any CPU
		{A29BEE69-E3D4-48DD-BD06-5560277EE03D}.Release|x64.ActiveCfg = Release|Any CPU
		{A29BEE69-E3D4-48DD-BD06-5560277EE03D}.Release|x64.Build.0 = Release|Any CPU
		{A29BEE69-E3D4-48DD-BD06-5560277EE03D}.Release|x86.ActiveCfg = Release|Any CPU
		{A29BEE69-E3D4-48DD-BD06-5560277EE03D}.Release|x86.Build.0 = Release|Any CPU
		{FB0A12E9-9C08-4B35-8AB0-41A5571318E6}.Debug|Any CPU.ActiveCfg = Debug|Any CPU
		{FB0A12E9-9C08-4B35-8AB0-41A5571318E6}.Debug|Any CPU.Build.0 = Debug|Any CPU
		{FB0A12E9-9C08-4B35-8AB0-41A5571318E6}.Debug|x64.ActiveCfg = Debug|Any CPU
		{FB0A12E9-9C08-4B35-8AB0-41A5571318E6}.Debug|x64.Build.0 = Debug|Any CPU
		{FB0A12E9-9C08-4B35-8AB0-41A5571318E6}.Debug|x86.ActiveCfg = Debug|Any CPU
		{FB0A12E9-9C08-4B35-8AB0-41A5571318E6}.Debug|x86.Build.0 = Debug|Any CPU
		{FB0A12E9-9C08-4B35-8AB0-41A5571318E6}.Release|Any CPU.ActiveCfg = Release|Any CPU
		{FB0A12E9-9C08-4B35-8AB0-41A5571318E6}.Release|Any CPU.Build.0 = Release|Any CPU
		{FB0A12E9-9C08-4B35-8AB0-41A5571318E6}.Release|x64.ActiveCfg = Release|Any CPU
		{FB0A12E9-9C08-4B35-8AB0-41A5571318E6}.Release|x64.Build.0 = Release|Any CPU
		{FB0A12E9-9C08-4B35-8AB0-41A5571318E6}.Release|x86.ActiveCfg = Release|Any CPU
		{FB0A12E9-9C08-4B35-8AB0-41A5571318E6}.Release|x86.Build.0 = Release|Any CPU
		{3C48EE15-A32D-4FD0-A981-7C4E963402AC}.Debug|Any CPU.ActiveCfg = Debug|Any CPU
		{3C48EE15-A32D-4FD0-A981-7C4E963402AC}.Debug|Any CPU.Build.0 = Debug|Any CPU
		{3C48EE15-A32D-4FD0-A981-7C4E963402AC}.Debug|x64.ActiveCfg = Debug|Any CPU
		{3C48EE15-A32D-4FD0-A981-7C4E963402AC}.Debug|x64.Build.0 = Debug|Any CPU
		{3C48EE15-A32D-4FD0-A981-7C4E963402AC}.Debug|x86.ActiveCfg = Debug|Any CPU
		{3C48EE15-A32D-4FD0-A981-7C4E963402AC}.Debug|x86.Build.0 = Debug|Any CPU
		{3C48EE15-A32D-4FD0-A981-7C4E963402AC}.Release|Any CPU.ActiveCfg = Release|Any CPU
		{3C48EE15-A32D-4FD0-A981-7C4E963402AC}.Release|Any CPU.Build.0 = Release|Any CPU
		{3C48EE15-A32D-4FD0-A981-7C4E963402AC}.Release|x64.ActiveCfg = Release|Any CPU
		{3C48EE15-A32D-4FD0-A981-7C4E963402AC}.Release|x64.Build.0 = Release|Any CPU
		{3C48EE15-A32D-4FD0-A981-7C4E963402AC}.Release|x86.ActiveCfg = Release|Any CPU
		{3C48EE15-A32D-4FD0-A981-7C4E963402AC}.Release|x86.Build.0 = Release|Any CPU
		{C94F74E8-B307-4E9C-87E5-F6DF5FDB8D22}.Debug|Any CPU.ActiveCfg = Debug|Any CPU
		{C94F74E8-B307-4E9C-87E5-F6DF5FDB8D22}.Debug|Any CPU.Build.0 = Debug|Any CPU
		{C94F74E8-B307-4E9C-87E5-F6DF5FDB8D22}.Debug|x64.ActiveCfg = Debug|Any CPU
		{C94F74E8-B307-4E9C-87E5-F6DF5FDB8D22}.Debug|x64.Build.0 = Debug|Any CPU
		{C94F74E8-B307-4E9C-87E5-F6DF5FDB8D22}.Debug|x86.ActiveCfg = Debug|Any CPU
		{C94F74E8-B307-4E9C-87E5-F6DF5FDB8D22}.Debug|x86.Build.0 = Debug|Any CPU
		{C94F74E8-B307-4E9C-87E5-F6DF5FDB8D22}.Release|Any CPU.ActiveCfg = Release|Any CPU
		{C94F74E8-B307-4E9C-87E5-F6DF5FDB8D22}.Release|Any CPU.Build.0 = Release|Any CPU
		{C94F74E8-B307-4E9C-87E5-F6DF5FDB8D22}.Release|x64.ActiveCfg = Release|Any CPU
		{C94F74E8-B307-4E9C-87E5-F6DF5FDB8D22}.Release|x64.Build.0 = Release|Any CPU
		{C94F74E8-B307-4E9C-87E5-F6DF5FDB8D22}.Release|x86.ActiveCfg = Release|Any CPU
		{C94F74E8-B307-4E9C-87E5-F6DF5FDB8D22}.Release|x86.Build.0 = Release|Any CPU
		{0DEA27B2-E03B-401E-8917-921A5F8075C5}.Debug|Any CPU.ActiveCfg = Debug|Any CPU
		{0DEA27B2-E03B-401E-8917-921A5F8075C5}.Debug|Any CPU.Build.0 = Debug|Any CPU
		{0DEA27B2-E03B-401E-8917-921A5F8075C5}.Debug|x64.ActiveCfg = Debug|Any CPU
		{0DEA27B2-E03B-401E-8917-921A5F8075C5}.Debug|x64.Build.0 = Debug|Any CPU
		{0DEA27B2-E03B-401E-8917-921A5F8075C5}.Debug|x86.ActiveCfg = Debug|Any CPU
		{0DEA27B2-E03B-401E-8917-921A5F8075C5}.Debug|x86.Build.0 = Debug|Any CPU
		{0DEA27B2-E03B-401E-8917-921A5F8075C5}.Release|Any CPU.ActiveCfg = Release|Any CPU
		{0DEA27B2-E03B-401E-8917-921A5F8075C5}.Release|Any CPU.Build.0 = Release|Any CPU
		{0DEA27B2-E03B-401E-8917-921A5F8075C5}.Release|x64.ActiveCfg = Release|Any CPU
		{0DEA27B2-E03B-401E-8917-921A5F8075C5}.Release|x64.Build.0 = Release|Any CPU
		{0DEA27B2-E03B-401E-8917-921A5F8075C5}.Release|x86.ActiveCfg = Release|Any CPU
		{0DEA27B2-E03B-401E-8917-921A5F8075C5}.Release|x86.Build.0 = Release|Any CPU
		{080C71FC-1D2D-4615-8716-0164389EFB55}.Debug|Any CPU.ActiveCfg = Debug|Any CPU
		{080C71FC-1D2D-4615-8716-0164389EFB55}.Debug|Any CPU.Build.0 = Debug|Any CPU
		{080C71FC-1D2D-4615-8716-0164389EFB55}.Debug|x64.ActiveCfg = Debug|Any CPU
		{080C71FC-1D2D-4615-8716-0164389EFB55}.Debug|x64.Build.0 = Debug|Any CPU
		{080C71FC-1D2D-4615-8716-0164389EFB55}.Debug|x86.ActiveCfg = Debug|Any CPU
		{080C71FC-1D2D-4615-8716-0164389EFB55}.Debug|x86.Build.0 = Debug|Any CPU
		{080C71FC-1D2D-4615-8716-0164389EFB55}.Release|Any CPU.ActiveCfg = Release|Any CPU
		{080C71FC-1D2D-4615-8716-0164389EFB55}.Release|Any CPU.Build.0 = Release|Any CPU
		{080C71FC-1D2D-4615-8716-0164389EFB55}.Release|x64.ActiveCfg = Release|Any CPU
		{080C71FC-1D2D-4615-8716-0164389EFB55}.Release|x64.Build.0 = Release|Any CPU
		{080C71FC-1D2D-4615-8716-0164389EFB55}.Release|x86.ActiveCfg = Release|Any CPU
		{080C71FC-1D2D-4615-8716-0164389EFB55}.Release|x86.Build.0 = Release|Any CPU
		{4D6D872D-CDC0-4626-BC6D-10D8A6B41F9C}.Debug|Any CPU.ActiveCfg = Debug|Any CPU
		{4D6D872D-CDC0-4626-BC6D-10D8A6B41F9C}.Debug|Any CPU.Build.0 = Debug|Any CPU
		{4D6D872D-CDC0-4626-BC6D-10D8A6B41F9C}.Debug|x64.ActiveCfg = Debug|Any CPU
		{4D6D872D-CDC0-4626-BC6D-10D8A6B41F9C}.Debug|x64.Build.0 = Debug|Any CPU
		{4D6D872D-CDC0-4626-BC6D-10D8A6B41F9C}.Debug|x86.ActiveCfg = Debug|Any CPU
		{4D6D872D-CDC0-4626-BC6D-10D8A6B41F9C}.Debug|x86.Build.0 = Debug|Any CPU
		{4D6D872D-CDC0-4626-BC6D-10D8A6B41F9C}.Release|Any CPU.ActiveCfg = Release|Any CPU
		{4D6D872D-CDC0-4626-BC6D-10D8A6B41F9C}.Release|Any CPU.Build.0 = Release|Any CPU
		{4D6D872D-CDC0-4626-BC6D-10D8A6B41F9C}.Release|x64.ActiveCfg = Release|Any CPU
		{4D6D872D-CDC0-4626-BC6D-10D8A6B41F9C}.Release|x64.Build.0 = Release|Any CPU
		{4D6D872D-CDC0-4626-BC6D-10D8A6B41F9C}.Release|x86.ActiveCfg = Release|Any CPU
		{4D6D872D-CDC0-4626-BC6D-10D8A6B41F9C}.Release|x86.Build.0 = Release|Any CPU
		{1CD1A841-E153-4E45-A3E5-1CA3A8398C1D}.Debug|Any CPU.ActiveCfg = Debug|Any CPU
		{1CD1A841-E153-4E45-A3E5-1CA3A8398C1D}.Debug|Any CPU.Build.0 = Debug|Any CPU
		{1CD1A841-E153-4E45-A3E5-1CA3A8398C1D}.Debug|x64.ActiveCfg = Debug|Any CPU
		{1CD1A841-E153-4E45-A3E5-1CA3A8398C1D}.Debug|x64.Build.0 = Debug|Any CPU
		{1CD1A841-E153-4E45-A3E5-1CA3A8398C1D}.Debug|x86.ActiveCfg = Debug|Any CPU
		{1CD1A841-E153-4E45-A3E5-1CA3A8398C1D}.Debug|x86.Build.0 = Debug|Any CPU
		{1CD1A841-E153-4E45-A3E5-1CA3A8398C1D}.Release|Any CPU.ActiveCfg = Release|Any CPU
		{1CD1A841-E153-4E45-A3E5-1CA3A8398C1D}.Release|Any CPU.Build.0 = Release|Any CPU
		{1CD1A841-E153-4E45-A3E5-1CA3A8398C1D}.Release|x64.ActiveCfg = Release|Any CPU
		{1CD1A841-E153-4E45-A3E5-1CA3A8398C1D}.Release|x64.Build.0 = Release|Any CPU
		{1CD1A841-E153-4E45-A3E5-1CA3A8398C1D}.Release|x86.ActiveCfg = Release|Any CPU
		{1CD1A841-E153-4E45-A3E5-1CA3A8398C1D}.Release|x86.Build.0 = Release|Any CPU
		{7A2AC96C-36DA-4456-8975-191920C05992}.Debug|Any CPU.ActiveCfg = Debug|Any CPU
		{7A2AC96C-36DA-4456-8975-191920C05992}.Debug|Any CPU.Build.0 = Debug|Any CPU
		{7A2AC96C-36DA-4456-8975-191920C05992}.Debug|x64.ActiveCfg = Debug|Any CPU
		{7A2AC96C-36DA-4456-8975-191920C05992}.Debug|x64.Build.0 = Debug|Any CPU
		{7A2AC96C-36DA-4456-8975-191920C05992}.Debug|x86.ActiveCfg = Debug|Any CPU
		{7A2AC96C-36DA-4456-8975-191920C05992}.Debug|x86.Build.0 = Debug|Any CPU
		{7A2AC96C-36DA-4456-8975-191920C05992}.Release|Any CPU.ActiveCfg = Release|Any CPU
		{7A2AC96C-36DA-4456-8975-191920C05992}.Release|Any CPU.Build.0 = Release|Any CPU
		{7A2AC96C-36DA-4456-8975-191920C05992}.Release|x64.ActiveCfg = Release|Any CPU
		{7A2AC96C-36DA-4456-8975-191920C05992}.Release|x64.Build.0 = Release|Any CPU
		{7A2AC96C-36DA-4456-8975-191920C05992}.Release|x86.ActiveCfg = Release|Any CPU
		{7A2AC96C-36DA-4456-8975-191920C05992}.Release|x86.Build.0 = Release|Any CPU
		{99FE1C97-8644-4BB6-B5A7-B7BF4C8E3C6A}.Debug|Any CPU.ActiveCfg = Debug|Any CPU
		{99FE1C97-8644-4BB6-B5A7-B7BF4C8E3C6A}.Debug|Any CPU.Build.0 = Debug|Any CPU
		{99FE1C97-8644-4BB6-B5A7-B7BF4C8E3C6A}.Debug|x64.ActiveCfg = Debug|Any CPU
		{99FE1C97-8644-4BB6-B5A7-B7BF4C8E3C6A}.Debug|x64.Build.0 = Debug|Any CPU
		{99FE1C97-8644-4BB6-B5A7-B7BF4C8E3C6A}.Debug|x86.ActiveCfg = Debug|Any CPU
		{99FE1C97-8644-4BB6-B5A7-B7BF4C8E3C6A}.Debug|x86.Build.0 = Debug|Any CPU
		{99FE1C97-8644-4BB6-B5A7-B7BF4C8E3C6A}.Release|Any CPU.ActiveCfg = Release|Any CPU
		{99FE1C97-8644-4BB6-B5A7-B7BF4C8E3C6A}.Release|Any CPU.Build.0 = Release|Any CPU
		{99FE1C97-8644-4BB6-B5A7-B7BF4C8E3C6A}.Release|x64.ActiveCfg = Release|Any CPU
		{99FE1C97-8644-4BB6-B5A7-B7BF4C8E3C6A}.Release|x64.Build.0 = Release|Any CPU
		{99FE1C97-8644-4BB6-B5A7-B7BF4C8E3C6A}.Release|x86.ActiveCfg = Release|Any CPU
		{99FE1C97-8644-4BB6-B5A7-B7BF4C8E3C6A}.Release|x86.Build.0 = Release|Any CPU
		{8AEBDD95-82A5-446A-BF10-1E6C2FF88AD6}.Debug|Any CPU.ActiveCfg = Debug|Any CPU
		{8AEBDD95-82A5-446A-BF10-1E6C2FF88AD6}.Debug|Any CPU.Build.0 = Debug|Any CPU
		{8AEBDD95-82A5-446A-BF10-1E6C2FF88AD6}.Debug|x64.ActiveCfg = Debug|Any CPU
		{8AEBDD95-82A5-446A-BF10-1E6C2FF88AD6}.Debug|x64.Build.0 = Debug|Any CPU
		{8AEBDD95-82A5-446A-BF10-1E6C2FF88AD6}.Debug|x86.ActiveCfg = Debug|Any CPU
		{8AEBDD95-82A5-446A-BF10-1E6C2FF88AD6}.Debug|x86.Build.0 = Debug|Any CPU
		{8AEBDD95-82A5-446A-BF10-1E6C2FF88AD6}.Release|Any CPU.ActiveCfg = Release|Any CPU
		{8AEBDD95-82A5-446A-BF10-1E6C2FF88AD6}.Release|Any CPU.Build.0 = Release|Any CPU
		{8AEBDD95-82A5-446A-BF10-1E6C2FF88AD6}.Release|x64.ActiveCfg = Release|Any CPU
		{8AEBDD95-82A5-446A-BF10-1E6C2FF88AD6}.Release|x64.Build.0 = Release|Any CPU
		{8AEBDD95-82A5-446A-BF10-1E6C2FF88AD6}.Release|x86.ActiveCfg = Release|Any CPU
		{8AEBDD95-82A5-446A-BF10-1E6C2FF88AD6}.Release|x86.Build.0 = Release|Any CPU
		{9D2017B3-215E-4D1B-9FAE-741564F0D6B8}.Debug|Any CPU.ActiveCfg = Debug|Any CPU
		{9D2017B3-215E-4D1B-9FAE-741564F0D6B8}.Debug|Any CPU.Build.0 = Debug|Any CPU
		{9D2017B3-215E-4D1B-9FAE-741564F0D6B8}.Debug|x64.ActiveCfg = Debug|Any CPU
		{9D2017B3-215E-4D1B-9FAE-741564F0D6B8}.Debug|x64.Build.0 = Debug|Any CPU
		{9D2017B3-215E-4D1B-9FAE-741564F0D6B8}.Debug|x86.ActiveCfg = Debug|Any CPU
		{9D2017B3-215E-4D1B-9FAE-741564F0D6B8}.Debug|x86.Build.0 = Debug|Any CPU
		{9D2017B3-215E-4D1B-9FAE-741564F0D6B8}.Release|Any CPU.ActiveCfg = Release|Any CPU
		{9D2017B3-215E-4D1B-9FAE-741564F0D6B8}.Release|Any CPU.Build.0 = Release|Any CPU
		{9D2017B3-215E-4D1B-9FAE-741564F0D6B8}.Release|x64.ActiveCfg = Release|Any CPU
		{9D2017B3-215E-4D1B-9FAE-741564F0D6B8}.Release|x64.Build.0 = Release|Any CPU
		{9D2017B3-215E-4D1B-9FAE-741564F0D6B8}.Release|x86.ActiveCfg = Release|Any CPU
		{9D2017B3-215E-4D1B-9FAE-741564F0D6B8}.Release|x86.Build.0 = Release|Any CPU
		{FC1EE5EB-E177-4C9B-BF0C-008766E296BF}.Debug|Any CPU.ActiveCfg = Debug|Any CPU
		{FC1EE5EB-E177-4C9B-BF0C-008766E296BF}.Debug|Any CPU.Build.0 = Debug|Any CPU
		{FC1EE5EB-E177-4C9B-BF0C-008766E296BF}.Debug|x64.ActiveCfg = Debug|Any CPU
		{FC1EE5EB-E177-4C9B-BF0C-008766E296BF}.Debug|x64.Build.0 = Debug|Any CPU
		{FC1EE5EB-E177-4C9B-BF0C-008766E296BF}.Debug|x86.ActiveCfg = Debug|Any CPU
		{FC1EE5EB-E177-4C9B-BF0C-008766E296BF}.Debug|x86.Build.0 = Debug|Any CPU
		{FC1EE5EB-E177-4C9B-BF0C-008766E296BF}.Release|Any CPU.ActiveCfg = Release|Any CPU
		{FC1EE5EB-E177-4C9B-BF0C-008766E296BF}.Release|Any CPU.Build.0 = Release|Any CPU
		{FC1EE5EB-E177-4C9B-BF0C-008766E296BF}.Release|x64.ActiveCfg = Release|Any CPU
		{FC1EE5EB-E177-4C9B-BF0C-008766E296BF}.Release|x64.Build.0 = Release|Any CPU
		{FC1EE5EB-E177-4C9B-BF0C-008766E296BF}.Release|x86.ActiveCfg = Release|Any CPU
		{FC1EE5EB-E177-4C9B-BF0C-008766E296BF}.Release|x86.Build.0 = Release|Any CPU
		{F4132578-6208-4770-8832-1AAB1A18C909}.Debug|Any CPU.ActiveCfg = Debug|Any CPU
		{F4132578-6208-4770-8832-1AAB1A18C909}.Debug|Any CPU.Build.0 = Debug|Any CPU
		{F4132578-6208-4770-8832-1AAB1A18C909}.Debug|x64.ActiveCfg = Debug|Any CPU
		{F4132578-6208-4770-8832-1AAB1A18C909}.Debug|x64.Build.0 = Debug|Any CPU
		{F4132578-6208-4770-8832-1AAB1A18C909}.Debug|x86.ActiveCfg = Debug|Any CPU
		{F4132578-6208-4770-8832-1AAB1A18C909}.Debug|x86.Build.0 = Debug|Any CPU
		{F4132578-6208-4770-8832-1AAB1A18C909}.Release|Any CPU.ActiveCfg = Release|Any CPU
		{F4132578-6208-4770-8832-1AAB1A18C909}.Release|Any CPU.Build.0 = Release|Any CPU
		{F4132578-6208-4770-8832-1AAB1A18C909}.Release|x64.ActiveCfg = Release|Any CPU
		{F4132578-6208-4770-8832-1AAB1A18C909}.Release|x64.Build.0 = Release|Any CPU
		{F4132578-6208-4770-8832-1AAB1A18C909}.Release|x86.ActiveCfg = Release|Any CPU
		{F4132578-6208-4770-8832-1AAB1A18C909}.Release|x86.Build.0 = Release|Any CPU
		{6FA3DC84-506E-4F8A-A97A-1F12A9BEE507}.Debug|Any CPU.ActiveCfg = Debug|Any CPU
		{6FA3DC84-506E-4F8A-A97A-1F12A9BEE507}.Debug|Any CPU.Build.0 = Debug|Any CPU
		{6FA3DC84-506E-4F8A-A97A-1F12A9BEE507}.Debug|x64.ActiveCfg = Debug|Any CPU
		{6FA3DC84-506E-4F8A-A97A-1F12A9BEE507}.Debug|x64.Build.0 = Debug|Any CPU
		{6FA3DC84-506E-4F8A-A97A-1F12A9BEE507}.Debug|x86.ActiveCfg = Debug|Any CPU
		{6FA3DC84-506E-4F8A-A97A-1F12A9BEE507}.Debug|x86.Build.0 = Debug|Any CPU
		{6FA3DC84-506E-4F8A-A97A-1F12A9BEE507}.Release|Any CPU.ActiveCfg = Release|Any CPU
		{6FA3DC84-506E-4F8A-A97A-1F12A9BEE507}.Release|Any CPU.Build.0 = Release|Any CPU
		{6FA3DC84-506E-4F8A-A97A-1F12A9BEE507}.Release|x64.ActiveCfg = Release|Any CPU
		{6FA3DC84-506E-4F8A-A97A-1F12A9BEE507}.Release|x64.Build.0 = Release|Any CPU
		{6FA3DC84-506E-4F8A-A97A-1F12A9BEE507}.Release|x86.ActiveCfg = Release|Any CPU
		{6FA3DC84-506E-4F8A-A97A-1F12A9BEE507}.Release|x86.Build.0 = Release|Any CPU
		{F570D92B-D143-40C3-853E-904865027260}.Debug|Any CPU.ActiveCfg = Debug|Any CPU
		{F570D92B-D143-40C3-853E-904865027260}.Debug|Any CPU.Build.0 = Debug|Any CPU
		{F570D92B-D143-40C3-853E-904865027260}.Debug|x64.ActiveCfg = Debug|Any CPU
		{F570D92B-D143-40C3-853E-904865027260}.Debug|x64.Build.0 = Debug|Any CPU
		{F570D92B-D143-40C3-853E-904865027260}.Debug|x86.ActiveCfg = Debug|Any CPU
		{F570D92B-D143-40C3-853E-904865027260}.Debug|x86.Build.0 = Debug|Any CPU
		{F570D92B-D143-40C3-853E-904865027260}.Release|Any CPU.ActiveCfg = Release|Any CPU
		{F570D92B-D143-40C3-853E-904865027260}.Release|Any CPU.Build.0 = Release|Any CPU
		{F570D92B-D143-40C3-853E-904865027260}.Release|x64.ActiveCfg = Release|Any CPU
		{F570D92B-D143-40C3-853E-904865027260}.Release|x64.Build.0 = Release|Any CPU
		{F570D92B-D143-40C3-853E-904865027260}.Release|x86.ActiveCfg = Release|Any CPU
		{F570D92B-D143-40C3-853E-904865027260}.Release|x86.Build.0 = Release|Any CPU
		{B1169AE2-1A1A-42C8-B1BC-99A978DAC31D}.Debug|Any CPU.ActiveCfg = Debug|Any CPU
		{B1169AE2-1A1A-42C8-B1BC-99A978DAC31D}.Debug|Any CPU.Build.0 = Debug|Any CPU
		{B1169AE2-1A1A-42C8-B1BC-99A978DAC31D}.Debug|x64.ActiveCfg = Debug|Any CPU
		{B1169AE2-1A1A-42C8-B1BC-99A978DAC31D}.Debug|x64.Build.0 = Debug|Any CPU
		{B1169AE2-1A1A-42C8-B1BC-99A978DAC31D}.Debug|x86.ActiveCfg = Debug|Any CPU
		{B1169AE2-1A1A-42C8-B1BC-99A978DAC31D}.Debug|x86.Build.0 = Debug|Any CPU
		{B1169AE2-1A1A-42C8-B1BC-99A978DAC31D}.Release|Any CPU.ActiveCfg = Release|Any CPU
		{B1169AE2-1A1A-42C8-B1BC-99A978DAC31D}.Release|Any CPU.Build.0 = Release|Any CPU
		{B1169AE2-1A1A-42C8-B1BC-99A978DAC31D}.Release|x64.ActiveCfg = Release|Any CPU
		{B1169AE2-1A1A-42C8-B1BC-99A978DAC31D}.Release|x64.Build.0 = Release|Any CPU
		{B1169AE2-1A1A-42C8-B1BC-99A978DAC31D}.Release|x86.ActiveCfg = Release|Any CPU
		{B1169AE2-1A1A-42C8-B1BC-99A978DAC31D}.Release|x86.Build.0 = Release|Any CPU
		{69ECE96A-F5DB-4BEC-A49F-551E963E1459}.Debug|Any CPU.ActiveCfg = Debug|Any CPU
		{69ECE96A-F5DB-4BEC-A49F-551E963E1459}.Debug|Any CPU.Build.0 = Debug|Any CPU
		{69ECE96A-F5DB-4BEC-A49F-551E963E1459}.Debug|x64.ActiveCfg = Debug|Any CPU
		{69ECE96A-F5DB-4BEC-A49F-551E963E1459}.Debug|x64.Build.0 = Debug|Any CPU
		{69ECE96A-F5DB-4BEC-A49F-551E963E1459}.Debug|x86.ActiveCfg = Debug|Any CPU
		{69ECE96A-F5DB-4BEC-A49F-551E963E1459}.Debug|x86.Build.0 = Debug|Any CPU
		{69ECE96A-F5DB-4BEC-A49F-551E963E1459}.Release|Any CPU.ActiveCfg = Release|Any CPU
		{69ECE96A-F5DB-4BEC-A49F-551E963E1459}.Release|Any CPU.Build.0 = Release|Any CPU
		{69ECE96A-F5DB-4BEC-A49F-551E963E1459}.Release|x64.ActiveCfg = Release|Any CPU
		{69ECE96A-F5DB-4BEC-A49F-551E963E1459}.Release|x64.Build.0 = Release|Any CPU
		{69ECE96A-F5DB-4BEC-A49F-551E963E1459}.Release|x86.ActiveCfg = Release|Any CPU
		{69ECE96A-F5DB-4BEC-A49F-551E963E1459}.Release|x86.Build.0 = Release|Any CPU
		{F84F5AD4-C80B-4199-B854-FCFBEA614806}.Debug|Any CPU.ActiveCfg = Debug|Any CPU
		{F84F5AD4-C80B-4199-B854-FCFBEA614806}.Debug|Any CPU.Build.0 = Debug|Any CPU
		{F84F5AD4-C80B-4199-B854-FCFBEA614806}.Debug|x64.ActiveCfg = Debug|Any CPU
		{F84F5AD4-C80B-4199-B854-FCFBEA614806}.Debug|x64.Build.0 = Debug|Any CPU
		{F84F5AD4-C80B-4199-B854-FCFBEA614806}.Debug|x86.ActiveCfg = Debug|Any CPU
		{F84F5AD4-C80B-4199-B854-FCFBEA614806}.Debug|x86.Build.0 = Debug|Any CPU
		{F84F5AD4-C80B-4199-B854-FCFBEA614806}.Release|Any CPU.ActiveCfg = Release|Any CPU
		{F84F5AD4-C80B-4199-B854-FCFBEA614806}.Release|Any CPU.Build.0 = Release|Any CPU
		{F84F5AD4-C80B-4199-B854-FCFBEA614806}.Release|x64.ActiveCfg = Release|Any CPU
		{F84F5AD4-C80B-4199-B854-FCFBEA614806}.Release|x64.Build.0 = Release|Any CPU
		{F84F5AD4-C80B-4199-B854-FCFBEA614806}.Release|x86.ActiveCfg = Release|Any CPU
		{F84F5AD4-C80B-4199-B854-FCFBEA614806}.Release|x86.Build.0 = Release|Any CPU
		{48C0F254-C59D-433A-B560-C132E86114AF}.Debug|Any CPU.ActiveCfg = Debug|Any CPU
		{48C0F254-C59D-433A-B560-C132E86114AF}.Debug|Any CPU.Build.0 = Debug|Any CPU
		{48C0F254-C59D-433A-B560-C132E86114AF}.Debug|x64.ActiveCfg = Debug|Any CPU
		{48C0F254-C59D-433A-B560-C132E86114AF}.Debug|x64.Build.0 = Debug|Any CPU
		{48C0F254-C59D-433A-B560-C132E86114AF}.Debug|x86.ActiveCfg = Debug|Any CPU
		{48C0F254-C59D-433A-B560-C132E86114AF}.Debug|x86.Build.0 = Debug|Any CPU
		{48C0F254-C59D-433A-B560-C132E86114AF}.Release|Any CPU.ActiveCfg = Release|Any CPU
		{48C0F254-C59D-433A-B560-C132E86114AF}.Release|Any CPU.Build.0 = Release|Any CPU
		{48C0F254-C59D-433A-B560-C132E86114AF}.Release|x64.ActiveCfg = Release|Any CPU
		{48C0F254-C59D-433A-B560-C132E86114AF}.Release|x64.Build.0 = Release|Any CPU
		{48C0F254-C59D-433A-B560-C132E86114AF}.Release|x86.ActiveCfg = Release|Any CPU
		{48C0F254-C59D-433A-B560-C132E86114AF}.Release|x86.Build.0 = Release|Any CPU
		{81CDEF22-47EF-4212-B767-C8BA8F48B77A}.Debug|Any CPU.ActiveCfg = Debug|Any CPU
		{81CDEF22-47EF-4212-B767-C8BA8F48B77A}.Debug|Any CPU.Build.0 = Debug|Any CPU
		{81CDEF22-47EF-4212-B767-C8BA8F48B77A}.Debug|x64.ActiveCfg = Debug|Any CPU
		{81CDEF22-47EF-4212-B767-C8BA8F48B77A}.Debug|x64.Build.0 = Debug|Any CPU
		{81CDEF22-47EF-4212-B767-C8BA8F48B77A}.Debug|x86.ActiveCfg = Debug|Any CPU
		{81CDEF22-47EF-4212-B767-C8BA8F48B77A}.Debug|x86.Build.0 = Debug|Any CPU
		{81CDEF22-47EF-4212-B767-C8BA8F48B77A}.Release|Any CPU.ActiveCfg = Release|Any CPU
		{81CDEF22-47EF-4212-B767-C8BA8F48B77A}.Release|Any CPU.Build.0 = Release|Any CPU
		{81CDEF22-47EF-4212-B767-C8BA8F48B77A}.Release|x64.ActiveCfg = Release|Any CPU
		{81CDEF22-47EF-4212-B767-C8BA8F48B77A}.Release|x64.Build.0 = Release|Any CPU
		{81CDEF22-47EF-4212-B767-C8BA8F48B77A}.Release|x86.ActiveCfg = Release|Any CPU
		{81CDEF22-47EF-4212-B767-C8BA8F48B77A}.Release|x86.Build.0 = Release|Any CPU
		{D46CB201-5442-4233-9ACA-741A50CD6E85}.Debug|Any CPU.ActiveCfg = Debug|Any CPU
		{D46CB201-5442-4233-9ACA-741A50CD6E85}.Debug|Any CPU.Build.0 = Debug|Any CPU
		{D46CB201-5442-4233-9ACA-741A50CD6E85}.Debug|x64.ActiveCfg = Debug|Any CPU
		{D46CB201-5442-4233-9ACA-741A50CD6E85}.Debug|x64.Build.0 = Debug|Any CPU
		{D46CB201-5442-4233-9ACA-741A50CD6E85}.Debug|x86.ActiveCfg = Debug|Any CPU
		{D46CB201-5442-4233-9ACA-741A50CD6E85}.Debug|x86.Build.0 = Debug|Any CPU
		{D46CB201-5442-4233-9ACA-741A50CD6E85}.Release|Any CPU.ActiveCfg = Release|Any CPU
		{D46CB201-5442-4233-9ACA-741A50CD6E85}.Release|Any CPU.Build.0 = Release|Any CPU
		{D46CB201-5442-4233-9ACA-741A50CD6E85}.Release|x64.ActiveCfg = Release|Any CPU
		{D46CB201-5442-4233-9ACA-741A50CD6E85}.Release|x64.Build.0 = Release|Any CPU
		{D46CB201-5442-4233-9ACA-741A50CD6E85}.Release|x86.ActiveCfg = Release|Any CPU
		{D46CB201-5442-4233-9ACA-741A50CD6E85}.Release|x86.Build.0 = Release|Any CPU
		{73347C59-F87F-4846-9415-0E6D5A55E11A}.Debug|Any CPU.ActiveCfg = Debug|Any CPU
		{73347C59-F87F-4846-9415-0E6D5A55E11A}.Debug|Any CPU.Build.0 = Debug|Any CPU
		{73347C59-F87F-4846-9415-0E6D5A55E11A}.Debug|x64.ActiveCfg = Debug|Any CPU
		{73347C59-F87F-4846-9415-0E6D5A55E11A}.Debug|x64.Build.0 = Debug|Any CPU
		{73347C59-F87F-4846-9415-0E6D5A55E11A}.Debug|x86.ActiveCfg = Debug|Any CPU
		{73347C59-F87F-4846-9415-0E6D5A55E11A}.Debug|x86.Build.0 = Debug|Any CPU
		{73347C59-F87F-4846-9415-0E6D5A55E11A}.Release|Any CPU.ActiveCfg = Release|Any CPU
		{73347C59-F87F-4846-9415-0E6D5A55E11A}.Release|Any CPU.Build.0 = Release|Any CPU
		{73347C59-F87F-4846-9415-0E6D5A55E11A}.Release|x64.ActiveCfg = Release|Any CPU
		{73347C59-F87F-4846-9415-0E6D5A55E11A}.Release|x64.Build.0 = Release|Any CPU
		{73347C59-F87F-4846-9415-0E6D5A55E11A}.Release|x86.ActiveCfg = Release|Any CPU
		{73347C59-F87F-4846-9415-0E6D5A55E11A}.Release|x86.Build.0 = Release|Any CPU
		{EB6A9109-F903-4988-8BE4-1672AC48AF6B}.Debug|Any CPU.ActiveCfg = Debug|Any CPU
		{EB6A9109-F903-4988-8BE4-1672AC48AF6B}.Debug|Any CPU.Build.0 = Debug|Any CPU
		{EB6A9109-F903-4988-8BE4-1672AC48AF6B}.Debug|x64.ActiveCfg = Debug|Any CPU
		{EB6A9109-F903-4988-8BE4-1672AC48AF6B}.Debug|x64.Build.0 = Debug|Any CPU
		{EB6A9109-F903-4988-8BE4-1672AC48AF6B}.Debug|x86.ActiveCfg = Debug|Any CPU
		{EB6A9109-F903-4988-8BE4-1672AC48AF6B}.Debug|x86.Build.0 = Debug|Any CPU
		{EB6A9109-F903-4988-8BE4-1672AC48AF6B}.Release|Any CPU.ActiveCfg = Release|Any CPU
		{EB6A9109-F903-4988-8BE4-1672AC48AF6B}.Release|Any CPU.Build.0 = Release|Any CPU
		{EB6A9109-F903-4988-8BE4-1672AC48AF6B}.Release|x64.ActiveCfg = Release|Any CPU
		{EB6A9109-F903-4988-8BE4-1672AC48AF6B}.Release|x64.Build.0 = Release|Any CPU
		{EB6A9109-F903-4988-8BE4-1672AC48AF6B}.Release|x86.ActiveCfg = Release|Any CPU
		{EB6A9109-F903-4988-8BE4-1672AC48AF6B}.Release|x86.Build.0 = Release|Any CPU
		{C74220D9-E4D9-45E8-AF63-1CE69C5AB1ED}.Debug|Any CPU.ActiveCfg = Debug|Any CPU
		{C74220D9-E4D9-45E8-AF63-1CE69C5AB1ED}.Debug|Any CPU.Build.0 = Debug|Any CPU
		{C74220D9-E4D9-45E8-AF63-1CE69C5AB1ED}.Debug|x64.ActiveCfg = Debug|Any CPU
		{C74220D9-E4D9-45E8-AF63-1CE69C5AB1ED}.Debug|x64.Build.0 = Debug|Any CPU
		{C74220D9-E4D9-45E8-AF63-1CE69C5AB1ED}.Debug|x86.ActiveCfg = Debug|Any CPU
		{C74220D9-E4D9-45E8-AF63-1CE69C5AB1ED}.Debug|x86.Build.0 = Debug|Any CPU
		{C74220D9-E4D9-45E8-AF63-1CE69C5AB1ED}.Release|Any CPU.ActiveCfg = Release|Any CPU
		{C74220D9-E4D9-45E8-AF63-1CE69C5AB1ED}.Release|Any CPU.Build.0 = Release|Any CPU
		{C74220D9-E4D9-45E8-AF63-1CE69C5AB1ED}.Release|x64.ActiveCfg = Release|Any CPU
		{C74220D9-E4D9-45E8-AF63-1CE69C5AB1ED}.Release|x64.Build.0 = Release|Any CPU
		{C74220D9-E4D9-45E8-AF63-1CE69C5AB1ED}.Release|x86.ActiveCfg = Release|Any CPU
		{C74220D9-E4D9-45E8-AF63-1CE69C5AB1ED}.Release|x86.Build.0 = Release|Any CPU
		{B5CA09B4-5F56-457A-B379-7775C41759D7}.Debug|Any CPU.ActiveCfg = Debug|Any CPU
		{B5CA09B4-5F56-457A-B379-7775C41759D7}.Debug|Any CPU.Build.0 = Debug|Any CPU
		{B5CA09B4-5F56-457A-B379-7775C41759D7}.Debug|x64.ActiveCfg = Debug|Any CPU
		{B5CA09B4-5F56-457A-B379-7775C41759D7}.Debug|x64.Build.0 = Debug|Any CPU
		{B5CA09B4-5F56-457A-B379-7775C41759D7}.Debug|x86.ActiveCfg = Debug|Any CPU
		{B5CA09B4-5F56-457A-B379-7775C41759D7}.Debug|x86.Build.0 = Debug|Any CPU
		{B5CA09B4-5F56-457A-B379-7775C41759D7}.Release|Any CPU.ActiveCfg = Release|Any CPU
		{B5CA09B4-5F56-457A-B379-7775C41759D7}.Release|Any CPU.Build.0 = Release|Any CPU
		{B5CA09B4-5F56-457A-B379-7775C41759D7}.Release|x64.ActiveCfg = Release|Any CPU
		{B5CA09B4-5F56-457A-B379-7775C41759D7}.Release|x64.Build.0 = Release|Any CPU
		{B5CA09B4-5F56-457A-B379-7775C41759D7}.Release|x86.ActiveCfg = Release|Any CPU
		{B5CA09B4-5F56-457A-B379-7775C41759D7}.Release|x86.Build.0 = Release|Any CPU
	EndGlobalSection
	GlobalSection(SolutionProperties) = preSolution
		HideSolutionNode = FALSE
	EndGlobalSection
	GlobalSection(NestedProjects) = preSolution
		{2B4DD968-DC45-4FEB-9EF8-BB282B16B69C} = {8B5FF1DA-FB9A-4C59-BA1B-89417F7C6761}
		{B166EB47-000F-4374-8B71-8629B2E8E13A} = {8B5FF1DA-FB9A-4C59-BA1B-89417F7C6761}
		{6D0A75EB-156B-4AD9-B92B-4AA302B236E7} = {8B5FF1DA-FB9A-4C59-BA1B-89417F7C6761}
		{4F3C2AAD-098C-44DA-B174-FFDBFB1AFB10} = {8B5FF1DA-FB9A-4C59-BA1B-89417F7C6761}
		{2AAC8FFA-F206-418A-B186-FD3A22EE75B5} = {8B5FF1DA-FB9A-4C59-BA1B-89417F7C6761}
		{E0C4D0BB-3782-483B-A463-FF7B93F247B6} = {8B5FF1DA-FB9A-4C59-BA1B-89417F7C6761}
		{A29BEE69-E3D4-48DD-BD06-5560277EE03D} = {8B5FF1DA-FB9A-4C59-BA1B-89417F7C6761}
		{FB0A12E9-9C08-4B35-8AB0-41A5571318E6} = {8B5FF1DA-FB9A-4C59-BA1B-89417F7C6761}
		{3C48EE15-A32D-4FD0-A981-7C4E963402AC} = {8B5FF1DA-FB9A-4C59-BA1B-89417F7C6761}
		{C94F74E8-B307-4E9C-87E5-F6DF5FDB8D22} = {8B5FF1DA-FB9A-4C59-BA1B-89417F7C6761}
		{0DEA27B2-E03B-401E-8917-921A5F8075C5} = {8B5FF1DA-FB9A-4C59-BA1B-89417F7C6761}
		{080C71FC-1D2D-4615-8716-0164389EFB55} = {8B5FF1DA-FB9A-4C59-BA1B-89417F7C6761}
		{4D6D872D-CDC0-4626-BC6D-10D8A6B41F9C} = {8B5FF1DA-FB9A-4C59-BA1B-89417F7C6761}
		{1CD1A841-E153-4E45-A3E5-1CA3A8398C1D} = {8B5FF1DA-FB9A-4C59-BA1B-89417F7C6761}
		{7A2AC96C-36DA-4456-8975-191920C05992} = {8B5FF1DA-FB9A-4C59-BA1B-89417F7C6761}
		{99FE1C97-8644-4BB6-B5A7-B7BF4C8E3C6A} = {8B5FF1DA-FB9A-4C59-BA1B-89417F7C6761}
		{8AEBDD95-82A5-446A-BF10-1E6C2FF88AD6} = {8B5FF1DA-FB9A-4C59-BA1B-89417F7C6761}
		{9D2017B3-215E-4D1B-9FAE-741564F0D6B8} = {8B5FF1DA-FB9A-4C59-BA1B-89417F7C6761}
		{FC1EE5EB-E177-4C9B-BF0C-008766E296BF} = {8B5FF1DA-FB9A-4C59-BA1B-89417F7C6761}
		{F4132578-6208-4770-8832-1AAB1A18C909} = {8B5FF1DA-FB9A-4C59-BA1B-89417F7C6761}
		{6FA3DC84-506E-4F8A-A97A-1F12A9BEE507} = {8B5FF1DA-FB9A-4C59-BA1B-89417F7C6761}
		{F570D92B-D143-40C3-853E-904865027260} = {8B5FF1DA-FB9A-4C59-BA1B-89417F7C6761}
		{B1169AE2-1A1A-42C8-B1BC-99A978DAC31D} = {8B5FF1DA-FB9A-4C59-BA1B-89417F7C6761}
		{69ECE96A-F5DB-4BEC-A49F-551E963E1459} = {8B5FF1DA-FB9A-4C59-BA1B-89417F7C6761}
		{F84F5AD4-C80B-4199-B854-FCFBEA614806} = {8B5FF1DA-FB9A-4C59-BA1B-89417F7C6761}
		{48C0F254-C59D-433A-B560-C132E86114AF} = {8B5FF1DA-FB9A-4C59-BA1B-89417F7C6761}
		{81CDEF22-47EF-4212-B767-C8BA8F48B77A} = {8B5FF1DA-FB9A-4C59-BA1B-89417F7C6761}
		{D46CB201-5442-4233-9ACA-741A50CD6E85} = {8B5FF1DA-FB9A-4C59-BA1B-89417F7C6761}
		{73347C59-F87F-4846-9415-0E6D5A55E11A} = {8B5FF1DA-FB9A-4C59-BA1B-89417F7C6761}
		{EB6A9109-F903-4988-8BE4-1672AC48AF6B} = {8B5FF1DA-FB9A-4C59-BA1B-89417F7C6761}
		{C74220D9-E4D9-45E8-AF63-1CE69C5AB1ED} = {8B5FF1DA-FB9A-4C59-BA1B-89417F7C6761}
		{B5CA09B4-5F56-457A-B379-7775C41759D7} = {8B5FF1DA-FB9A-4C59-BA1B-89417F7C6761}
	EndGlobalSection
	GlobalSection(ExtensibilityGlobals) = postSolution
		SolutionGuid = {A4A6744C-83AC-4D3F-9055-588E0C86F0DC}
	EndGlobalSection
EndGlobal
