
Microsoft Visual Studio Solution File, Format Version 12.00
# Visual Studio Version 16
VisualStudioVersion = 16.6.30114.105
MinimumVisualStudioVersion = 10.0.40219.1
Project("{9A19103F-16F7-4668-BE54-9A1E7A4F7556}") = "R5T.D0078.X0001", "R5T.D0078.X0001\R5T.D0078.X0001.csproj", "{629392F8-841C-4A49-A415-D39F62030ACA}"
EndProject
Project("{2150E333-8FDC-42A3-9474-1A3956D46DE8}") = "_Dependencies", "_Dependencies", "{8B5FF1DA-FB9A-4C59-BA1B-89417F7C6761}"
EndProject
Project("{9A19103F-16F7-4668-BE54-9A1E7A4F7556}") = "R5T.Magyar", "..\..\R5T.Magyar\source\R5T.Magyar\R5T.Magyar.csproj", "{2B4DD968-DC45-4FEB-9EF8-BB282B16B69C}"
EndProject
Project("{9A19103F-16F7-4668-BE54-9A1E7A4F7556}") = "R5T.T0059.X001", "..\..\R5T.T0059\source\R5T.T0059.X001\R5T.T0059.X001.csproj", "{B166EB47-000F-4374-8B71-8629B2E8E13A}"
EndProject
Project("{9A19103F-16F7-4668-BE54-9A1E7A4F7556}") = "R5T.T0059", "..\..\R5T.T0059\source\R5T.T0059\R5T.T0059.csproj", "{6D0A75EB-156B-4AD9-B92B-4AA302B236E7}"
EndProject
Project("{9A19103F-16F7-4668-BE54-9A1E7A4F7556}") = "R5T.T0039.T002", "..\..\R5T.T0039\source\R5T.T0039.T002\R5T.T0039.T002.csproj", "{4F3C2AAD-098C-44DA-B174-FFDBFB1AFB10}"
EndProject
Project("{9A19103F-16F7-4668-BE54-9A1E7A4F7556}") = "R5T.D0078.Base", "..\..\R5T.D0078\source\R5T.D0078.Base\R5T.D0078.Base.csproj", "{2AAC8FFA-F206-418A-B186-FD3A22EE75B5}"
EndProject
Global
	GlobalSection(SolutionConfigurationPlatforms) = preSolution
		Debug|Any CPU = Debug|Any CPU
		Debug|x64 = Debug|x64
		Debug|x86 = Debug|x86
		Release|Any CPU = Release|Any CPU
		Release|x64 = Release|x64
		Release|x86 = Release|x86
	EndGlobalSection
	GlobalSection(ProjectConfigurationPlatforms) = postSolution
		{629392F8-841C-4A49-A415-D39F62030ACA}.Debug|Any CPU.ActiveCfg = Debug|Any CPU
		{629392F8-841C-4A49-A415-D39F62030ACA}.Debug|Any CPU.Build.0 = Debug|Any CPU
		{629392F8-841C-4A49-A415-D39F62030ACA}.Debug|x64.ActiveCfg = Debug|Any CPU
		{629392F8-841C-4A49-A415-D39F62030ACA}.Debug|x64.Build.0 = Debug|Any CPU
		{629392F8-841C-4A49-A415-D39F62030ACA}.Debug|x86.ActiveCfg = Debug|Any CPU
		{629392F8-841C-4A49-A415-D39F62030ACA}.Debug|x86.Build.0 = Debug|Any CPU
		{629392F8-841C-4A49-A415-D39F62030ACA}.Release|Any CPU.ActiveCfg = Release|Any CPU
		{629392F8-841C-4A49-A415-D39F62030ACA}.Release|Any CPU.Build.0 = Release|Any CPU
		{629392F8-841C-4A49-A415-D39F62030ACA}.Release|x64.ActiveCfg = Release|Any CPU
		{629392F8-841C-4A49-A415-D39F62030ACA}.Release|x64.Build.0 = Release|Any CPU
		{629392F8-841C-4A49-A415-D39F62030ACA}.Release|x86.ActiveCfg = Release|Any CPU
		{629392F8-841C-4A49-A415-D39F62030ACA}.Release|x86.Build.0 = Release|Any CPU
		{2B4DD968-DC45-4FEB-9EF8-BB282B16B69C}.Debug|Any CPU.ActiveCfg = Debug|Any CPU
		{2B4DD968-DC45-4FEB-9EF8-BB282B16B69C}.Debug|Any CPU.Build.0 = Debug|Any CPU
		{2B4DD968-DC45-4FEB-9EF8-BB282B16B69C}.Debug|x64.ActiveCfg = Debug|Any CPU
		{2B4DD968-DC45-4FEB-9EF8-BB282B16B69C}.Debug|x64.Build.0 = Debug|Any CPU
		{2B4DD968-DC45-4FEB-9EF8-BB282B16B69C}.Debug|x86.ActiveCfg = Debug|Any CPU
		{2B4DD968-DC45-4FEB-9EF8-BB282B16B69C}.Debug|x86.Build.0 = Debug|Any CPU
		{2B4DD968-DC45-4FEB-9EF8-BB282B16B69C}.Release|Any CPU.ActiveCfg = Release|Any CPU
		{2B4DD968-DC45-4FEB-9EF8-BB282B16B69C}.Release|Any CPU.Build.0 = Release|Any CPU
		{2B4DD968-DC45-4FEB-9EF8-BB282B16B69C}.Release|x64.ActiveCfg = Release|Any CPU
		{2B4DD968-DC45-4FEB-9EF8-BB282B16B69C}.Release|x64.Build.0 = Release|Any CPU
		{2B4DD968-DC45-4FEB-9EF8-BB282B16B69C}.Release|x86.ActiveCfg = Release|Any CPU
		{2B4DD968-DC45-4FEB-9EF8-BB282B16B69C}.Release|x86.Build.0 = Release|Any CPU
		{B166EB47-000F-4374-8B71-8629B2E8E13A}.Debug|Any CPU.ActiveCfg = Debug|Any CPU
		{B166EB47-000F-4374-8B71-8629B2E8E13A}.Debug|Any CPU.Build.0 = Debug|Any CPU
		{B166EB47-000F-4374-8B71-8629B2E8E13A}.Debug|x64.ActiveCfg = Debug|Any CPU
		{B166EB47-000F-4374-8B71-8629B2E8E13A}.Debug|x64.Build.0 = Debug|Any CPU
		{B166EB47-000F-4374-8B71-8629B2E8E13A}.Debug|x86.ActiveCfg = Debug|Any CPU
		{B166EB47-000F-4374-8B71-8629B2E8E13A}.Debug|x86.Build.0 = Debug|Any CPU
		{B166EB47-000F-4374-8B71-8629B2E8E13A}.Release|Any CPU.ActiveCfg = Release|Any CPU
		{B166EB47-000F-4374-8B71-8629B2E8E13A}.Release|Any CPU.Build.0 = Release|Any CPU
		{B166EB47-000F-4374-8B71-8629B2E8E13A}.Release|x64.ActiveCfg = Release|Any CPU
		{B166EB47-000F-4374-8B71-8629B2E8E13A}.Release|x64.Build.0 = Release|Any CPU
		{B166EB47-000F-4374-8B71-8629B2E8E13A}.Release|x86.ActiveCfg = Release|Any CPU
		{B166EB47-000F-4374-8B71-8629B2E8E13A}.Release|x86.Build.0 = Release|Any CPU
		{6D0A75EB-156B-4AD9-B92B-4AA302B236E7}.Debug|Any CPU.ActiveCfg = Debug|Any CPU
		{6D0A75EB-156B-4AD9-B92B-4AA302B236E7}.Debug|Any CPU.Build.0 = Debug|Any CPU
		{6D0A75EB-156B-4AD9-B92B-4AA302B236E7}.Debug|x64.ActiveCfg = Debug|Any CPU
		{6D0A75EB-156B-4AD9-B92B-4AA302B236E7}.Debug|x64.Build.0 = Debug|Any CPU
		{6D0A75EB-156B-4AD9-B92B-4AA302B236E7}.Debug|x86.ActiveCfg = Debug|Any CPU
		{6D0A75EB-156B-4AD9-B92B-4AA302B236E7}.Debug|x86.Build.0 = Debug|Any CPU
		{6D0A75EB-156B-4AD9-B92B-4AA302B236E7}.Release|Any CPU.ActiveCfg = Release|Any CPU
		{6D0A75EB-156B-4AD9-B92B-4AA302B236E7}.Release|Any CPU.Build.0 = Release|Any CPU
		{6D0A75EB-156B-4AD9-B92B-4AA302B236E7}.Release|x64.ActiveCfg = Release|Any CPU
		{6D0A75EB-156B-4AD9-B92B-4AA302B236E7}.Release|x64.Build.0 = Release|Any CPU
		{6D0A75EB-156B-4AD9-B92B-4AA302B236E7}.Release|x86.ActiveCfg = Release|Any CPU
		{6D0A75EB-156B-4AD9-B92B-4AA302B236E7}.Release|x86.Build.0 = Release|Any CPU
		{4F3C2AAD-098C-44DA-B174-FFDBFB1AFB10}.Debug|Any CPU.ActiveCfg = Debug|Any CPU
		{4F3C2AAD-098C-44DA-B174-FFDBFB1AFB10}.Debug|Any CPU.Build.0 = Debug|Any CPU
		{4F3C2AAD-098C-44DA-B174-FFDBFB1AFB10}.Debug|x64.ActiveCfg = Debug|Any CPU
		{4F3C2AAD-098C-44DA-B174-FFDBFB1AFB10}.Debug|x64.Build.0 = Debug|Any CPU
		{4F3C2AAD-098C-44DA-B174-FFDBFB1AFB10}.Debug|x86.ActiveCfg = Debug|Any CPU
		{4F3C2AAD-098C-44DA-B174-FFDBFB1AFB10}.Debug|x86.Build.0 = Debug|Any CPU
		{4F3C2AAD-098C-44DA-B174-FFDBFB1AFB10}.Release|Any CPU.ActiveCfg = Release|Any CPU
		{4F3C2AAD-098C-44DA-B174-FFDBFB1AFB10}.Release|Any CPU.Build.0 = Release|Any CPU
		{4F3C2AAD-098C-44DA-B174-FFDBFB1AFB10}.Release|x64.ActiveCfg = Release|Any CPU
		{4F3C2AAD-098C-44DA-B174-FFDBFB1AFB10}.Release|x64.Build.0 = Release|Any CPU
		{4F3C2AAD-098C-44DA-B174-FFDBFB1AFB10}.Release|x86.ActiveCfg = Release|Any CPU
		{4F3C2AAD-098C-44DA-B174-FFDBFB1AFB10}.Release|x86.Build.0 = Release|Any CPU
		{2AAC8FFA-F206-418A-B186-FD3A22EE75B5}.Debug|Any CPU.ActiveCfg = Debug|Any CPU
		{2AAC8FFA-F206-418A-B186-FD3A22EE75B5}.Debug|Any CPU.Build.0 = Debug|Any CPU
		{2AAC8FFA-F206-418A-B186-FD3A22EE75B5}.Debug|x64.ActiveCfg = Debug|Any CPU
		{2AAC8FFA-F206-418A-B186-FD3A22EE75B5}.Debug|x64.Build.0 = Debug|Any CPU
		{2AAC8FFA-F206-418A-B186-FD3A22EE75B5}.Debug|x86.ActiveCfg = Debug|Any CPU
		{2AAC8FFA-F206-418A-B186-FD3A22EE75B5}.Debug|x86.Build.0 = Debug|Any CPU
		{2AAC8FFA-F206-418A-B186-FD3A22EE75B5}.Release|Any CPU.ActiveCfg = Release|Any CPU
		{2AAC8FFA-F206-418A-B186-FD3A22EE75B5}.Release|Any CPU.Build.0 = Release|Any CPU
		{2AAC8FFA-F206-418A-B186-FD3A22EE75B5}.Release|x64.ActiveCfg = Release|Any CPU
		{2AAC8FFA-F206-418A-B186-FD3A22EE75B5}.Release|x64.Build.0 = Release|Any CPU
		{2AAC8FFA-F206-418A-B186-FD3A22EE75B5}.Release|x86.ActiveCfg = Release|Any CPU
		{2AAC8FFA-F206-418A-B186-FD3A22EE75B5}.Release|x86.Build.0 = Release|Any CPU
	EndGlobalSection
	GlobalSection(SolutionProperties) = preSolution
		HideSolutionNode = FALSE
	EndGlobalSection
	GlobalSection(NestedProjects) = preSolution
		{2B4DD968-DC45-4FEB-9EF8-BB282B16B69C} = {8B5FF1DA-FB9A-4C59-BA1B-89417F7C6761}
		{B166EB47-000F-4374-8B71-8629B2E8E13A} = {8B5FF1DA-FB9A-4C59-BA1B-89417F7C6761}
		{6D0A75EB-156B-4AD9-B92B-4AA302B236E7} = {8B5FF1DA-FB9A-4C59-BA1B-89417F7C6761}
		{4F3C2AAD-098C-44DA-B174-FFDBFB1AFB10} = {8B5FF1DA-FB9A-4C59-BA1B-89417F7C6761}
		{2AAC8FFA-F206-418A-B186-FD3A22EE75B5} = {8B5FF1DA-FB9A-4C59-BA1B-89417F7C6761}
	EndGlobalSection
	GlobalSection(ExtensibilityGlobals) = postSolution
		SolutionGuid = {A4A6744C-83AC-4D3F-9055-588E0C86F0DC}
	EndGlobalSection
EndGlobal
